
Microsoft Visual Studio Solution File, Format Version 12.00
# Visual Studio 14
VisualStudioVersion = 14.0.23107.0
MinimumVisualStudioVersion = 10.0.40219.1
Project("{FAE04EC0-301F-11D3-BF4B-00C04F79EFBC}") = "Ioc.Core", "Ioc.Core\Ioc.Core.csproj", "{624694D1-4A1E-42E2-8E9A-BC8A522981D2}"
EndProject
Project("{FAE04EC0-301F-11D3-BF4B-00C04F79EFBC}") = "Ioc.Data", "Ioc.Data\Ioc.Data.csproj", "{6253301F-739C-4170-8D2D-C8FE7F04A13E}"
EndProject
Project("{FAE04EC0-301F-11D3-BF4B-00C04F79EFBC}") = "Ioc.Service", "Ioc.Service\Ioc.Service.csproj", "{34A3A171-1481-4888-9FDF-8D5723EE1B37}"
EndProject
Project("{FAE04EC0-301F-11D3-BF4B-00C04F79EFBC}") = "UnitTestProject1", "UnitTestProject1\UnitTestProject1.csproj", "{0B994D35-6FEA-439F-A277-671640789F38}"
EndProject
Project("{FAE04EC0-301F-11D3-BF4B-00C04F79EFBC}") = "ProjectUI", "UITestProject\ProjectUI.csproj", "{53EBFDBA-8918-4DA9-92DF-45070D6D54DE}"
EndProject
Global
	GlobalSection(SolutionConfigurationPlatforms) = preSolution
		Debug|Any CPU = Debug|Any CPU
		Release|Any CPU = Release|Any CPU
	EndGlobalSection
	GlobalSection(ProjectConfigurationPlatforms) = postSolution
		{624694D1-4A1E-42E2-8E9A-BC8A522981D2}.Debug|Any CPU.ActiveCfg = Debug|Any CPU
		{624694D1-4A1E-42E2-8E9A-BC8A522981D2}.Debug|Any CPU.Build.0 = Debug|Any CPU
		{624694D1-4A1E-42E2-8E9A-BC8A522981D2}.Release|Any CPU.ActiveCfg = Release|Any CPU
		{624694D1-4A1E-42E2-8E9A-BC8A522981D2}.Release|Any CPU.Build.0 = Release|Any CPU
		{6253301F-739C-4170-8D2D-C8FE7F04A13E}.Debug|Any CPU.ActiveCfg = Debug|Any CPU
		{6253301F-739C-4170-8D2D-C8FE7F04A13E}.Debug|Any CPU.Build.0 = Debug|Any CPU
		{6253301F-739C-4170-8D2D-C8FE7F04A13E}.Release|Any CPU.ActiveCfg = Release|Any CPU
		{6253301F-739C-4170-8D2D-C8FE7F04A13E}.Release|Any CPU.Build.0 = Release|Any CPU
		{34A3A171-1481-4888-9FDF-8D5723EE1B37}.Debug|Any CPU.ActiveCfg = Debug|Any CPU
		{34A3A171-1481-4888-9FDF-8D5723EE1B37}.Debug|Any CPU.Build.0 = Debug|Any CPU
		{34A3A171-1481-4888-9FDF-8D5723EE1B37}.Release|Any CPU.ActiveCfg = Release|Any CPU
		{34A3A171-1481-4888-9FDF-8D5723EE1B37}.Release|Any CPU.Build.0 = Release|Any CPU
		{0B994D35-6FEA-439F-A277-671640789F38}.Debug|Any CPU.ActiveCfg = Debug|Any CPU
		{0B994D35-6FEA-439F-A277-671640789F38}.Debug|Any CPU.Build.0 = Debug|Any CPU
		{0B994D35-6FEA-439F-A277-671640789F38}.Release|Any CPU.ActiveCfg = Release|Any CPU
		{0B994D35-6FEA-439F-A277-671640789F38}.Release|Any CPU.Build.0 = Release|Any CPU
		{53EBFDBA-8918-4DA9-92DF-45070D6D54DE}.Debug|Any CPU.ActiveCfg = Debug|Any CPU
		{53EBFDBA-8918-4DA9-92DF-45070D6D54DE}.Debug|Any CPU.Build.0 = Debug|Any CPU
		{53EBFDBA-8918-4DA9-92DF-45070D6D54DE}.Release|Any CPU.ActiveCfg = Release|Any CPU
		{53EBFDBA-8918-4DA9-92DF-45070D6D54DE}.Release|Any CPU.Build.0 = Release|Any CPU
	EndGlobalSection
	GlobalSection(SolutionProperties) = preSolution
		HideSolutionNode = FALSE
	EndGlobalSection
EndGlobal
